
Microsoft Visual Studio Solution File, Format Version 12.00
# Visual Studio 15
VisualStudioVersion = 15.0.28307.421
MinimumVisualStudioVersion = 10.0.40219.1
Project("{FAE04EC0-301F-11D3-BF4B-00C04F79EFBC}") = "DMUViews", "DMUViews\DMUViews.csproj", "{A0BA809A-DDC9-4739-AC3E-CC21E8E690A3}"
EndProject
Global
	GlobalSection(SolutionConfigurationPlatforms) = preSolution
		Debug|Any CPU = Debug|Any CPU
		Release|Any CPU = Release|Any CPU
	EndGlobalSection
	GlobalSection(ProjectConfigurationPlatforms) = postSolution
		{A0BA809A-DDC9-4739-AC3E-CC21E8E690A3}.Debug|Any CPU.ActiveCfg = Debug|Any CPU
		{A0BA809A-DDC9-4739-AC3E-CC21E8E690A3}.Debug|Any CPU.Build.0 = Debug|Any CPU
		{A0BA809A-DDC9-4739-AC3E-CC21E8E690A3}.Release|Any CPU.ActiveCfg = Release|Any CPU
		{A0BA809A-DDC9-4739-AC3E-CC21E8E690A3}.Release|Any CPU.Build.0 = Release|Any CPU
	EndGlobalSection
	GlobalSection(SolutionProperties) = preSolution
		HideSolutionNode = FALSE
	EndGlobalSection
	GlobalSection(ExtensibilityGlobals) = postSolution
		SolutionGuid = {592AD4BA-C554-40FB-8378-F893B66BB56D}
	EndGlobalSection
EndGlobal
