
Microsoft Visual Studio Solution File, Format Version 12.00
# Visual Studio 15
VisualStudioVersion = 15.0.28307.421
MinimumVisualStudioVersion = 10.0.40219.1
Project("{FAE04EC0-301F-11D3-BF4B-00C04F79EFBC}") = "DMUView", "DMUView\DMUView.csproj", "{23E059A2-21AD-47BF-96D2-9986E1343EA9}"
EndProject
Global
	GlobalSection(SolutionConfigurationPlatforms) = preSolution
		Debug|Any CPU = Debug|Any CPU
		Release|Any CPU = Release|Any CPU
	EndGlobalSection
	GlobalSection(ProjectConfigurationPlatforms) = postSolution
		{23E059A2-21AD-47BF-96D2-9986E1343EA9}.Debug|Any CPU.ActiveCfg = Debug|Any CPU
		{23E059A2-21AD-47BF-96D2-9986E1343EA9}.Debug|Any CPU.Build.0 = Debug|Any CPU
		{23E059A2-21AD-47BF-96D2-9986E1343EA9}.Release|Any CPU.ActiveCfg = Release|Any CPU
		{23E059A2-21AD-47BF-96D2-9986E1343EA9}.Release|Any CPU.Build.0 = Release|Any CPU
	EndGlobalSection
	GlobalSection(SolutionProperties) = preSolution
		HideSolutionNode = FALSE
	EndGlobalSection
	GlobalSection(ExtensibilityGlobals) = postSolution
		SolutionGuid = {FDF56DF2-32AC-4218-9C28-7CE9673BCC3D}
	EndGlobalSection
EndGlobal
